
Microsoft Visual Studio Solution File, Format Version 12.00
# Visual Studio Version 16
VisualStudioVersion = 16.0.29519.181
MinimumVisualStudioVersion = 10.0.40219.1
Project("{FAE04EC0-301F-11D3-BF4B-00C04F79EFBC}") = "ToolEngine", "ToolEngine\ToolEngine.csproj", "{F5F92F16-C783-4B17-B725-B06F1D725B9C}"
EndProject
Global
	GlobalSection(SolutionConfigurationPlatforms) = preSolution
		Debug|Any CPU = Debug|Any CPU
		Debug|Mixed Platforms = Debug|Mixed Platforms
		Debug|x64 = Debug|x64
		Debug|x86 = Debug|x86
		Release|Any CPU = Release|Any CPU
		Release|Mixed Platforms = Release|Mixed Platforms
		Release|x64 = Release|x64
		Release|x86 = Release|x86
	EndGlobalSection
	GlobalSection(ProjectConfigurationPlatforms) = postSolution
		{F5F92F16-C783-4B17-B725-B06F1D725B9C}.Debug|Any CPU.ActiveCfg = Debug|Any CPU
		{F5F92F16-C783-4B17-B725-B06F1D725B9C}.Debug|Any CPU.Build.0 = Debug|Any CPU
		{F5F92F16-C783-4B17-B725-B06F1D725B9C}.Debug|Mixed Platforms.ActiveCfg = Debug|Any CPU
		{F5F92F16-C783-4B17-B725-B06F1D725B9C}.Debug|Mixed Platforms.Build.0 = Debug|Any CPU
		{F5F92F16-C783-4B17-B725-B06F1D725B9C}.Debug|x64.ActiveCfg = Debug|x64
		{F5F92F16-C783-4B17-B725-B06F1D725B9C}.Debug|x64.Build.0 = Debug|x64
		{F5F92F16-C783-4B17-B725-B06F1D725B9C}.Debug|x86.ActiveCfg = Debug|Any CPU
		{F5F92F16-C783-4B17-B725-B06F1D725B9C}.Release|Any CPU.ActiveCfg = Release|Any CPU
		{F5F92F16-C783-4B17-B725-B06F1D725B9C}.Release|Any CPU.Build.0 = Release|Any CPU
		{F5F92F16-C783-4B17-B725-B06F1D725B9C}.Release|Mixed Platforms.ActiveCfg = Release|Any CPU
		{F5F92F16-C783-4B17-B725-B06F1D725B9C}.Release|Mixed Platforms.Build.0 = Release|Any CPU
		{F5F92F16-C783-4B17-B725-B06F1D725B9C}.Release|x64.ActiveCfg = Release|x64
		{F5F92F16-C783-4B17-B725-B06F1D725B9C}.Release|x64.Build.0 = Release|x64
		{F5F92F16-C783-4B17-B725-B06F1D725B9C}.Release|x86.ActiveCfg = Release|Any CPU
	EndGlobalSection
	GlobalSection(SolutionProperties) = preSolution
		HideSolutionNode = FALSE
	EndGlobalSection
	GlobalSection(ExtensibilityGlobals) = postSolution
		SolutionGuid = {61ADC46B-B775-4ABD-AE0F-1A8DD2680084}
	EndGlobalSection
EndGlobal
