
Microsoft Visual Studio Solution File, Format Version 12.00
# Visual Studio Version 16
VisualStudioVersion = 16.0.29709.97
MinimumVisualStudioVersion = 10.0.40219.1
Project("{FAE04EC0-301F-11D3-BF4B-00C04F79EFBC}") = "AndroidLib", "AndroidLib\AndroidLib.csproj", "{F5F92F16-C783-4B17-B725-B06F1D725B9C}"
EndProject
Project("{2150E333-8FDC-42A3-9474-1A3956D46DE8}") = "Solution Items", "Solution Items", "{A072DC87-386B-40DC-BE4F-05F9E4C59A69}"
	ProjectSection(SolutionItems) = preProject
		.editorconfig = .editorconfig
	EndProjectSection
EndProject
Global
	GlobalSection(SolutionConfigurationPlatforms) = preSolution
		Debug|Any CPU = Debug|Any CPU
		Debug|Mixed Platforms = Debug|Mixed Platforms
		Debug|x64 = Debug|x64
		Debug|x86 = Debug|x86
		Release|Any CPU = Release|Any CPU
		Release|Mixed Platforms = Release|Mixed Platforms
		Release|x64 = Release|x64
		Release|x86 = Release|x86
	EndGlobalSection
	GlobalSection(ProjectConfigurationPlatforms) = postSolution
		{F5F92F16-C783-4B17-B725-B06F1D725B9C}.Debug|Any CPU.ActiveCfg = Debug|Any CPU
		{F5F92F16-C783-4B17-B725-B06F1D725B9C}.Debug|Any CPU.Build.0 = Debug|Any CPU
		{F5F92F16-C783-4B17-B725-B06F1D725B9C}.Debug|Mixed Platforms.ActiveCfg = Debug|Any CPU
		{F5F92F16-C783-4B17-B725-B06F1D725B9C}.Debug|Mixed Platforms.Build.0 = Debug|Any CPU
		{F5F92F16-C783-4B17-B725-B06F1D725B9C}.Debug|x64.ActiveCfg = Debug|x64
		{F5F92F16-C783-4B17-B725-B06F1D725B9C}.Debug|x64.Build.0 = Debug|x64
		{F5F92F16-C783-4B17-B725-B06F1D725B9C}.Debug|x86.ActiveCfg = Debug|Any CPU
		{F5F92F16-C783-4B17-B725-B06F1D725B9C}.Release|Any CPU.ActiveCfg = Release|Any CPU
		{F5F92F16-C783-4B17-B725-B06F1D725B9C}.Release|Any CPU.Build.0 = Release|Any CPU
		{F5F92F16-C783-4B17-B725-B06F1D725B9C}.Release|Mixed Platforms.ActiveCfg = Release|Any CPU
		{F5F92F16-C783-4B17-B725-B06F1D725B9C}.Release|Mixed Platforms.Build.0 = Release|Any CPU
		{F5F92F16-C783-4B17-B725-B06F1D725B9C}.Release|x64.ActiveCfg = Release|x64
		{F5F92F16-C783-4B17-B725-B06F1D725B9C}.Release|x64.Build.0 = Release|x64
		{F5F92F16-C783-4B17-B725-B06F1D725B9C}.Release|x86.ActiveCfg = Release|Any CPU
	EndGlobalSection
	GlobalSection(SolutionProperties) = preSolution
		HideSolutionNode = FALSE
	EndGlobalSection
	GlobalSection(ExtensibilityGlobals) = postSolution
		SolutionGuid = {27782847-1277-4A39-A00A-8C31D7E60895}
	EndGlobalSection
EndGlobal
